
Microsoft Visual Studio Solution File, Format Version 12.00
# Visual Studio Version 17
VisualStudioVersion = 17.8.34408.163
MinimumVisualStudioVersion = 10.0.40219.1
Project("{9A19103F-16F7-4668-BE54-9A1E7A4F7556}") = "web.app", "web.app.csproj", "{8699C704-7C3B-4F9D-90BA-22516DFE0602}"
EndProject
Global
	GlobalSection(SolutionConfigurationPlatforms) = preSolution
		Debug|Any CPU = Debug|Any CPU
		Release|Any CPU = Release|Any CPU
	EndGlobalSection
	GlobalSection(ProjectConfigurationPlatforms) = postSolution
		{8699C704-7C3B-4F9D-90BA-22516DFE0602}.Debug|Any CPU.ActiveCfg = Debug|Any CPU
		{8699C704-7C3B-4F9D-90BA-22516DFE0602}.Debug|Any CPU.Build.0 = Debug|Any CPU
		{8699C704-7C3B-4F9D-90BA-22516DFE0602}.Release|Any CPU.ActiveCfg = Release|Any CPU
		{8699C704-7C3B-4F9D-90BA-22516DFE0602}.Release|Any CPU.Build.0 = Release|Any CPU
	EndGlobalSection
	GlobalSection(SolutionProperties) = preSolution
		HideSolutionNode = FALSE
	EndGlobalSection
	GlobalSection(ExtensibilityGlobals) = postSolution
		SolutionGuid = {640E5088-6866-4C0B-912B-64A0879EC57A}
	EndGlobalSection
EndGlobal
